{
    "_readme": [
        "This file locks the dependencies of your project to a known state",
        "Read more about it at https://getcomposer.org/doc/01-basic-usage.md#installing-dependencies",
        "This file is @generated automatically"
    ],
    "content-hash": "3330c5db14ea6137aa9757f2690f134a",
    "packages": [
        {
            "name": "automattic/jetpack-constants",
            "version": "v2.0.4",
            "source": {
                "type": "git",
                "url": "https://github.com/Automattic/jetpack-constants.git",
                "reference": "f6958c313a34c5e92171c45a57d9dc978e5975ed"
            },
            "dist": {
                "type": "zip",
                "url": "https://api.github.com/repos/Automattic/jetpack-constants/zipball/f6958c313a34c5e92171c45a57d9dc978e5975ed",
                "reference": "f6958c313a34c5e92171c45a57d9dc978e5975ed",
                "shasum": ""
            },
            "require": {
                "php": ">=7.0"
            },
            "require-dev": {
                "automattic/jetpack-changelogger": "^4.2.6",
                "brain/monkey": "2.6.1",
                "yoast/phpunit-polyfills": "^1.1.1"
            },
            "suggest": {
                "automattic/jetpack-autoloader": "Allow for better interoperability with other plugins that use this package."
            },
            "type": "jetpack-library",
            "extra": {
                "autotagger": true,
                "mirror-repo": "Automattic/jetpack-constants",
                "changelogger": {
                    "link-template": "https://github.com/Automattic/jetpack-constants/compare/v${old}...v${new}"
                },
                "branch-alias": {
                    "dev-trunk": "2.0.x-dev"
                }
            },
            "autoload": {
                "classmap": [
                    "src/"
                ]
            },
            "notification-url": "https://packagist.org/downloads/",
            "license": [
                "GPL-2.0-or-later"
            ],
            "description": "A wrapper for defining constants in a more testable way.",
            "support": {
                "source": "https://github.com/Automattic/jetpack-constants/tree/v2.0.4"
            },
            "time": "2024-08-23T14:28:14+00:00"
        },
        {
            "name": "x-wp/asset-loader",
            "version": "1.0.0",
            "dist": {
                "type": "path",
                "url": "/home/venom/projects/composer/xwp/asset-loader",
                "reference": "89bdee70b3433f6b5c2baf19b43d708a092e1631"
            },
            "require": {
                "automattic/jetpack-constants": "^2.0",
                "php": "^8.0||^8.1",
                "x-wp/helper-functions": "^1.9",
                "x-wp/helper-traits": "^1.9"
            },
            "require-dev": {
                "oblak/wordpress-coding-standard": "^1",
                "php-stubs/woocommerce-stubs": "^9.0",
                "php-stubs/wordpress-stubs": "^6.5",
                "phpstan/extension-installer": "^1.3",
                "phpstan/phpstan": "^1.10",
                "phpstan/phpstan-deprecation-rules": "^1.1",
                "swissspidy/phpstan-no-private": "^0.2.0",
                "symfony/var-dumper": "^6.4",
                "szepeviktor/phpstan-wordpress": "^1.3"
            },
            "suggest": {
                "automattic/jetpack-autoloader": "Allow for better interoperability with other plugins that use this package."
            },
            "type": "library",
            "autoload": {
                "psr-4": {
                    "XWP\\Dependency\\": "src/"
                },
                "classmap": [
                    "src/Core/"
                ]
            },
            "license": [
                "GPL-2.0-only"
            ],
            "authors": [
                {
                    "name": "Sibin Grasic",
                    "email": "sibin.grasic@oblak.studio"
                }
            ],
            "description": "Simple Asset Loader for WordPress",
            "transport-options": {
                "symlink": true,
                "relative": false
            }
        },
        {
            "name": "x-wp/helper-functions",
            "version": "v1.9.0",
            "source": {
                "type": "git",
                "url": "https://github.com/x-wp/helper-functions.git",
                "reference": "951890a5352d2c293c086e20affb7aa6d8cc2fd8"
            },
            "dist": {
                "type": "zip",
                "url": "https://api.github.com/repos/x-wp/helper-functions/zipball/951890a5352d2c293c086e20affb7aa6d8cc2fd8",
                "reference": "951890a5352d2c293c086e20affb7aa6d8cc2fd8",
                "shasum": ""
            },
            "require": {
                "php": ">=8.0"
            },
            "suggest": {
                "automattic/jetpack-autoloader": "Allow for better interoperability with other plugins that use this package."
            },
            "type": "library",
            "autoload": {
                "files": [
                    "xwp-helper-fns.php",
                    "xwp-helper-fns-req.php"
                ],
                "psr-4": {
                    "XWP\\Helper\\Functions\\": "."
                }
            },
            "notification-url": "https://packagist.org/downloads/",
            "license": [
                "GPL-2.0-only"
            ],
            "authors": [
                {
                    "name": "Sibin Grasic",
                    "email": "sibin.grasic@oblak.studio"
                }
            ],
            "description": "Various traits related to xWP packages",
            "keywords": [
                "contracts",
                "decoupling",
                "extended-wp",
                "interfaces",
                "interoperability",
                "standards",
                "traits"
            ],
            "support": {
                "issues": "https://github.com/x-wp/helper-functions/issues",
                "source": "https://github.com/x-wp/helper-functions/tree/v1.9.0"
            },
            "time": "2024-09-07T15:40:44+00:00"
        },
        {
            "name": "x-wp/helper-traits",
            "version": "v1.9.0",
            "source": {
                "type": "git",
                "url": "https://github.com/x-wp/helper-traits.git",
                "reference": "485d1e932e133d2919756abd82d3d989b47e111a"
            },
            "dist": {
                "type": "zip",
                "url": "https://api.github.com/repos/x-wp/helper-traits/zipball/485d1e932e133d2919756abd82d3d989b47e111a",
                "reference": "485d1e932e133d2919756abd82d3d989b47e111a",
                "shasum": ""
            },
            "require": {
                "php": ">=8.0"
            },
            "suggest": {
                "automattic/jetpack-autoloader": "Allow for better interoperability with other plugins that use this package."
            },
            "type": "library",
            "autoload": {
                "psr-4": {
                    "XWP\\Helper\\Traits\\": ""
                }
            },
            "notification-url": "https://packagist.org/downloads/",
            "license": [
                "GPL-2.0-only"
            ],
            "authors": [
                {
                    "name": "Sibin Grasic",
                    "email": "sibin.grasic@oblak.studio"
                }
            ],
            "description": "Various traits related to xWP packages",
            "keywords": [
                "contracts",
                "decoupling",
                "extended-wp",
                "interfaces",
                "interoperability",
                "standards",
                "traits"
            ],
            "support": {
                "issues": "https://github.com/x-wp/helper-traits/issues",
                "source": "https://github.com/x-wp/helper-traits/tree/v1.9.0"
            },
            "time": "2024-09-07T15:21:49+00:00"
        }
    ],
    "packages-dev": [
        {
            "name": "symfony/deprecation-contracts",
            "version": "v3.5.0",
            "source": {
                "type": "git",
                "url": "https://github.com/symfony/deprecation-contracts.git",
                "reference": "0e0d29ce1f20deffb4ab1b016a7257c4f1e789a1"
            },
            "dist": {
                "type": "zip",
                "url": "https://api.github.com/repos/symfony/deprecation-contracts/zipball/0e0d29ce1f20deffb4ab1b016a7257c4f1e789a1",
                "reference": "0e0d29ce1f20deffb4ab1b016a7257c4f1e789a1",
                "shasum": ""
            },
            "require": {
                "php": ">=8.1"
            },
            "type": "library",
            "extra": {
                "branch-alias": {
                    "dev-main": "3.5-dev"
                },
                "thanks": {
                    "name": "symfony/contracts",
                    "url": "https://github.com/symfony/contracts"
                }
            },
            "autoload": {
                "files": [
                    "function.php"
                ]
            },
            "notification-url": "https://packagist.org/downloads/",
            "license": [
                "MIT"
            ],
            "authors": [
                {
                    "name": "Nicolas Grekas",
                    "email": "p@tchwork.com"
                },
                {
                    "name": "Symfony Community",
                    "homepage": "https://symfony.com/contributors"
                }
            ],
            "description": "A generic function and convention to trigger deprecation notices",
            "homepage": "https://symfony.com",
            "support": {
                "source": "https://github.com/symfony/deprecation-contracts/tree/v3.5.0"
            },
            "funding": [
                {
                    "url": "https://symfony.com/sponsor",
                    "type": "custom"
                },
                {
                    "url": "https://github.com/fabpot",
                    "type": "github"
                },
                {
                    "url": "https://tidelift.com/funding/github/packagist/symfony/symfony",
                    "type": "tidelift"
                }
            ],
            "time": "2024-04-18T09:32:20+00:00"
        },
        {
            "name": "symfony/polyfill-mbstring",
            "version": "v1.31.0",
            "source": {
                "type": "git",
                "url": "https://github.com/symfony/polyfill-mbstring.git",
                "reference": "85181ba99b2345b0ef10ce42ecac37612d9fd341"
            },
            "dist": {
                "type": "zip",
                "url": "https://api.github.com/repos/symfony/polyfill-mbstring/zipball/85181ba99b2345b0ef10ce42ecac37612d9fd341",
                "reference": "85181ba99b2345b0ef10ce42ecac37612d9fd341",
                "shasum": ""
            },
            "require": {
                "php": ">=7.2"
            },
            "provide": {
                "ext-mbstring": "*"
            },
            "suggest": {
                "ext-mbstring": "For best performance"
            },
            "type": "library",
            "extra": {
                "thanks": {
                    "name": "symfony/polyfill",
                    "url": "https://github.com/symfony/polyfill"
                }
            },
            "autoload": {
                "files": [
                    "bootstrap.php"
                ],
                "psr-4": {
                    "Symfony\\Polyfill\\Mbstring\\": ""
                }
            },
            "notification-url": "https://packagist.org/downloads/",
            "license": [
                "MIT"
            ],
            "authors": [
                {
                    "name": "Nicolas Grekas",
                    "email": "p@tchwork.com"
                },
                {
                    "name": "Symfony Community",
                    "homepage": "https://symfony.com/contributors"
                }
            ],
            "description": "Symfony polyfill for the Mbstring extension",
            "homepage": "https://symfony.com",
            "keywords": [
                "compatibility",
                "mbstring",
                "polyfill",
                "portable",
                "shim"
            ],
            "support": {
                "source": "https://github.com/symfony/polyfill-mbstring/tree/v1.31.0"
            },
            "funding": [
                {
                    "url": "https://symfony.com/sponsor",
                    "type": "custom"
                },
                {
                    "url": "https://github.com/fabpot",
                    "type": "github"
                },
                {
                    "url": "https://tidelift.com/funding/github/packagist/symfony/symfony",
                    "type": "tidelift"
                }
            ],
            "time": "2024-09-09T11:45:10+00:00"
        },
        {
            "name": "symfony/var-dumper",
            "version": "v6.4.11",
            "source": {
                "type": "git",
                "url": "https://github.com/symfony/var-dumper.git",
                "reference": "ee14c8254a480913268b1e3b1cba8045ed122694"
            },
            "dist": {
                "type": "zip",
                "url": "https://api.github.com/repos/symfony/var-dumper/zipball/ee14c8254a480913268b1e3b1cba8045ed122694",
                "reference": "ee14c8254a480913268b1e3b1cba8045ed122694",
                "shasum": ""
            },
            "require": {
                "php": ">=8.1",
                "symfony/deprecation-contracts": "^2.5|^3",
                "symfony/polyfill-mbstring": "~1.0"
            },
            "conflict": {
                "symfony/console": "<5.4"
            },
            "require-dev": {
                "ext-iconv": "*",
                "symfony/console": "^5.4|^6.0|^7.0",
                "symfony/error-handler": "^6.3|^7.0",
                "symfony/http-kernel": "^5.4|^6.0|^7.0",
                "symfony/process": "^5.4|^6.0|^7.0",
                "symfony/uid": "^5.4|^6.0|^7.0",
                "twig/twig": "^2.13|^3.0.4"
            },
            "bin": [
                "Resources/bin/var-dump-server"
            ],
            "type": "library",
            "autoload": {
                "files": [
                    "Resources/functions/dump.php"
                ],
                "psr-4": {
                    "Symfony\\Component\\VarDumper\\": ""
                },
                "exclude-from-classmap": [
                    "/Tests/"
                ]
            },
            "notification-url": "https://packagist.org/downloads/",
            "license": [
                "MIT"
            ],
            "authors": [
                {
                    "name": "Nicolas Grekas",
                    "email": "p@tchwork.com"
                },
                {
                    "name": "Symfony Community",
                    "homepage": "https://symfony.com/contributors"
                }
            ],
            "description": "Provides mechanisms for walking through any arbitrary PHP variable",
            "homepage": "https://symfony.com",
            "keywords": [
                "debug",
                "dump"
            ],
            "support": {
                "source": "https://github.com/symfony/var-dumper/tree/v6.4.11"
            },
            "funding": [
                {
                    "url": "https://symfony.com/sponsor",
                    "type": "custom"
                },
                {
                    "url": "https://github.com/fabpot",
                    "type": "github"
                },
                {
                    "url": "https://tidelift.com/funding/github/packagist/symfony/symfony",
                    "type": "tidelift"
                }
            ],
            "time": "2024-08-30T16:03:21+00:00"
        }
    ],
    "aliases": [],
    "minimum-stability": "stable",
    "stability-flags": [],
    "prefer-stable": false,
    "prefer-lowest": false,
    "platform": [],
    "platform-dev": [],
    "plugin-api-version": "2.6.0"
}
